
Microsoft Visual Studio Solution File, Format Version 12.00
Project("{2150E333-8FDC-42A3-9474-1A3956D46DE8}") = "Day1", "Day1", "{60597B96-C89E-44BA-AFCB-DCA3DB80F20E}"
EndProject
Project("{FAE04EC0-301F-11D3-BF4B-00C04F79EFBC}") = "ElfCalories", "src\day1\CalorieCounting\CalorieCounting.csproj", "{65258396-DDB2-4F12-B0A6-B7679BF87B41}"
EndProject
Project("{2150E333-8FDC-42A3-9474-1A3956D46DE8}") = "Day2", "Day2", "{D9C61E36-A034-4083-872F-008BD2EE1E40}"
EndProject
Project("{FAE04EC0-301F-11D3-BF4B-00C04F79EFBC}") = "RockPaperScissors", "src\day2\RockPaperScissors\RockPaperScissors.csproj", "{3385AA6D-A0B6-4E1F-B5C1-B0960A347385}"
EndProject
Project("{2150E333-8FDC-42A3-9474-1A3956D46DE8}") = "Day3", "Day3", "{9628317A-5551-45B8-915C-DC90AD4F7FEB}"
EndProject
Project("{FAE04EC0-301F-11D3-BF4B-00C04F79EFBC}") = "RucksackReorg", "src\day3\RucksackReorg\RucksackReorg.csproj", "{C140D71D-4511-4EA0-BD56-339E8D0B68FB}"
EndProject
Project("{2150E333-8FDC-42A3-9474-1A3956D46DE8}") = "Day4", "Day4", "{562EAA4B-743B-4CDA-9C31-EA6A964445B6}"
EndProject
Project("{FAE04EC0-301F-11D3-BF4B-00C04F79EFBC}") = "CampCleanup", "src\day4\CampCleanup\CampCleanup.csproj", "{03A2E1B8-3E9C-4D52-8232-117D6638BC6E}"
EndProject
Project("{2150E333-8FDC-42A3-9474-1A3956D46DE8}") = "Day5", "Day5", "{FC4D0654-66B6-4763-89C4-344B9E857937}"
EndProject
Project("{FAE04EC0-301F-11D3-BF4B-00C04F79EFBC}") = "SupplyStacks", "src\day5\SupplyStacks\SupplyStacks.csproj", "{59DBAEA3-9F46-4A34-A9E2-EF63EBFD2919}"
EndProject
Project("{2150E333-8FDC-42A3-9474-1A3956D46DE8}") = "Day6", "Day6", "{3169CC44-C453-4CCB-9BB2-AFF795286923}"
EndProject
Project("{FAE04EC0-301F-11D3-BF4B-00C04F79EFBC}") = "TuningTrouble", "src\day6\TuningTrouble\TuningTrouble.csproj", "{4B03AEEA-59BA-4F3C-B396-C80A477C7497}"
EndProject
Global
	GlobalSection(SolutionConfigurationPlatforms) = preSolution
		Debug|Any CPU = Debug|Any CPU
		Release|Any CPU = Release|Any CPU
	EndGlobalSection
	GlobalSection(ProjectConfigurationPlatforms) = postSolution
		{65258396-DDB2-4F12-B0A6-B7679BF87B41}.Debug|Any CPU.ActiveCfg = Debug|Any CPU
		{65258396-DDB2-4F12-B0A6-B7679BF87B41}.Debug|Any CPU.Build.0 = Debug|Any CPU
		{65258396-DDB2-4F12-B0A6-B7679BF87B41}.Release|Any CPU.ActiveCfg = Release|Any CPU
		{65258396-DDB2-4F12-B0A6-B7679BF87B41}.Release|Any CPU.Build.0 = Release|Any CPU
		{3385AA6D-A0B6-4E1F-B5C1-B0960A347385}.Debug|Any CPU.ActiveCfg = Debug|Any CPU
		{3385AA6D-A0B6-4E1F-B5C1-B0960A347385}.Debug|Any CPU.Build.0 = Debug|Any CPU
		{3385AA6D-A0B6-4E1F-B5C1-B0960A347385}.Release|Any CPU.ActiveCfg = Release|Any CPU
		{3385AA6D-A0B6-4E1F-B5C1-B0960A347385}.Release|Any CPU.Build.0 = Release|Any CPU
		{C140D71D-4511-4EA0-BD56-339E8D0B68FB}.Debug|Any CPU.ActiveCfg = Debug|Any CPU
		{C140D71D-4511-4EA0-BD56-339E8D0B68FB}.Debug|Any CPU.Build.0 = Debug|Any CPU
		{C140D71D-4511-4EA0-BD56-339E8D0B68FB}.Release|Any CPU.ActiveCfg = Release|Any CPU
		{C140D71D-4511-4EA0-BD56-339E8D0B68FB}.Release|Any CPU.Build.0 = Release|Any CPU
		{03A2E1B8-3E9C-4D52-8232-117D6638BC6E}.Debug|Any CPU.ActiveCfg = Debug|Any CPU
		{03A2E1B8-3E9C-4D52-8232-117D6638BC6E}.Debug|Any CPU.Build.0 = Debug|Any CPU
		{03A2E1B8-3E9C-4D52-8232-117D6638BC6E}.Release|Any CPU.ActiveCfg = Release|Any CPU
		{03A2E1B8-3E9C-4D52-8232-117D6638BC6E}.Release|Any CPU.Build.0 = Release|Any CPU
		{59DBAEA3-9F46-4A34-A9E2-EF63EBFD2919}.Debug|Any CPU.ActiveCfg = Debug|Any CPU
		{59DBAEA3-9F46-4A34-A9E2-EF63EBFD2919}.Debug|Any CPU.Build.0 = Debug|Any CPU
		{59DBAEA3-9F46-4A34-A9E2-EF63EBFD2919}.Release|Any CPU.ActiveCfg = Release|Any CPU
		{59DBAEA3-9F46-4A34-A9E2-EF63EBFD2919}.Release|Any CPU.Build.0 = Release|Any CPU
		{4B03AEEA-59BA-4F3C-B396-C80A477C7497}.Debug|Any CPU.ActiveCfg = Debug|Any CPU
		{4B03AEEA-59BA-4F3C-B396-C80A477C7497}.Debug|Any CPU.Build.0 = Debug|Any CPU
		{4B03AEEA-59BA-4F3C-B396-C80A477C7497}.Release|Any CPU.ActiveCfg = Release|Any CPU
		{4B03AEEA-59BA-4F3C-B396-C80A477C7497}.Release|Any CPU.Build.0 = Release|Any CPU
	EndGlobalSection
	GlobalSection(NestedProjects) = preSolution
		{65258396-DDB2-4F12-B0A6-B7679BF87B41} = {60597B96-C89E-44BA-AFCB-DCA3DB80F20E}
		{3385AA6D-A0B6-4E1F-B5C1-B0960A347385} = {D9C61E36-A034-4083-872F-008BD2EE1E40}
		{C140D71D-4511-4EA0-BD56-339E8D0B68FB} = {9628317A-5551-45B8-915C-DC90AD4F7FEB}
		{03A2E1B8-3E9C-4D52-8232-117D6638BC6E} = {562EAA4B-743B-4CDA-9C31-EA6A964445B6}
		{59DBAEA3-9F46-4A34-A9E2-EF63EBFD2919} = {FC4D0654-66B6-4763-89C4-344B9E857937}
		{4B03AEEA-59BA-4F3C-B396-C80A477C7497} = {3169CC44-C453-4CCB-9BB2-AFF795286923}
	EndGlobalSection
EndGlobal
